// !$*UTF8*$!
{
	archiveVersion = 1;
	classes = {
	};
	objectVersion = 51;
	objects = {

/* Begin PBXBuildFile section */
		51F608968A0AD38178CDA7A0 /* Pods_ios_myinsta_ios_myinstaUITests.framework in Frameworks */ = {isa = PBXBuildFile; fileRef = D36E8E1B49160E339615C93A /* Pods_ios_myinsta_ios_myinstaUITests.framework */; };
		A7BE3075B58F892C6573870C /* Pods_ios_myinstaTests.framework in Frameworks */ = {isa = PBXBuildFile; fileRef = BEDB15DE12533A5EAA69F9CF /* Pods_ios_myinstaTests.framework */; };
		F331699D27008E3000D2DD0E /* AppDelegate.swift in Sources */ = {isa = PBXBuildFile; fileRef = F331699C27008E3000D2DD0E /* AppDelegate.swift */; };
		F331699F27008E3000D2DD0E /* SceneDelegate.swift in Sources */ = {isa = PBXBuildFile; fileRef = F331699E27008E3000D2DD0E /* SceneDelegate.swift */; };
		F33169A327008E3200D2DD0E /* Assets.xcassets in Resources */ = {isa = PBXBuildFile; fileRef = F33169A227008E3200D2DD0E /* Assets.xcassets */; };
		F33169A627008E3200D2DD0E /* Preview Assets.xcassets in Resources */ = {isa = PBXBuildFile; fileRef = F33169A527008E3200D2DD0E /* Preview Assets.xcassets */; };
		F33169A927008E3200D2DD0E /* LaunchScreen.storyboard in Resources */ = {isa = PBXBuildFile; fileRef = F33169A727008E3200D2DD0E /* LaunchScreen.storyboard */; };
		F33169B427008E3200D2DD0E /* ios_myinstaTests.swift in Sources */ = {isa = PBXBuildFile; fileRef = F33169B327008E3200D2DD0E /* ios_myinstaTests.swift */; };
		F33169BF27008E3200D2DD0E /* ios_myinstaUITests.swift in Sources */ = {isa = PBXBuildFile; fileRef = F33169BE27008E3200D2DD0E /* ios_myinstaUITests.swift */; };
		F33169D127008EA600D2DD0E /* StarterScreen.swift in Sources */ = {isa = PBXBuildFile; fileRef = F33169D027008EA600D2DD0E /* StarterScreen.swift */; };
		F33169D327008F9A00D2DD0E /* SignInScreen.swift in Sources */ = {isa = PBXBuildFile; fileRef = F33169D227008F9A00D2DD0E /* SignInScreen.swift */; };
		F33169D6270091A600D2DD0E /* Utils.swift in Sources */ = {isa = PBXBuildFile; fileRef = F33169D5270091A600D2DD0E /* Utils.swift */; };
		F33169D8270096B100D2DD0E /* SignUpScreen.swift in Sources */ = {isa = PBXBuildFile; fileRef = F33169D7270096B100D2DD0E /* SignUpScreen.swift */; };
		F33169DB270196F600D2DD0E /* Localizable.strings in Resources */ = {isa = PBXBuildFile; fileRef = F33169DD270196F600D2DD0E /* Localizable.strings */; };
		F33169E12701984100D2DD0E /* Billabong.ttf in Resources */ = {isa = PBXBuildFile; fileRef = F33169E02701984100D2DD0E /* Billabong.ttf */; };
		F33169E32701EB2600D2DD0E /* HomeScreen.swift in Sources */ = {isa = PBXBuildFile; fileRef = F33169E22701EB2600D2DD0E /* HomeScreen.swift */; };
		F33169E72701EB4600D2DD0E /* User.swift in Sources */ = {isa = PBXBuildFile; fileRef = F33169E62701EB4600D2DD0E /* User.swift */; };
		F33169E92701EB5300D2DD0E /* SessionStore.swift in Sources */ = {isa = PBXBuildFile; fileRef = F33169E82701EB5300D2DD0E /* SessionStore.swift */; };
		F33169EB2701EE5400D2DD0E /* HomeFeedScreen.swift in Sources */ = {isa = PBXBuildFile; fileRef = F33169EA2701EE5400D2DD0E /* HomeFeedScreen.swift */; };
		F33169ED2701EE6600D2DD0E /* HomeSearchScreen.swift in Sources */ = {isa = PBXBuildFile; fileRef = F33169EC2701EE6600D2DD0E /* HomeSearchScreen.swift */; };
		F33169EF2701EE7B00D2DD0E /* HomeUploadScreen.swift in Sources */ = {isa = PBXBuildFile; fileRef = F33169EE2701EE7B00D2DD0E /* HomeUploadScreen.swift */; };
		F33169F12701EE8A00D2DD0E /* HomeLikesScreen.swift in Sources */ = {isa = PBXBuildFile; fileRef = F33169F02701EE8A00D2DD0E /* HomeLikesScreen.swift */; };
		F33169F32701EE9800D2DD0E /* HomeProfileScreen.swift in Sources */ = {isa = PBXBuildFile; fileRef = F33169F22701EE9800D2DD0E /* HomeProfileScreen.swift */; };
		F33169F5270435EF00D2DD0E /* Coordinator.swift in Sources */ = {isa = PBXBuildFile; fileRef = F33169F4270435EF00D2DD0E /* Coordinator.swift */; };
		F33169F7270436D900D2DD0E /* ImagePickerView.swift in Sources */ = {isa = PBXBuildFile; fileRef = F33169F6270436D900D2DD0E /* ImagePickerView.swift */; };
		F33169FA2704B16100D2DD0E /* FeedViewModel.swift in Sources */ = {isa = PBXBuildFile; fileRef = F33169F92704B16100D2DD0E /* FeedViewModel.swift */; };
		F33169FC2704B19700D2DD0E /* Post.swift in Sources */ = {isa = PBXBuildFile; fileRef = F33169FB2704B19700D2DD0E /* Post.swift */; };
		F33169FF2705641E00D2DD0E /* FeedPostCell.swift in Sources */ = {isa = PBXBuildFile; fileRef = F33169FE2705641E00D2DD0E /* FeedPostCell.swift */; };
		F3316A0127056B9E00D2DD0E /* LikesViewModel.swift in Sources */ = {isa = PBXBuildFile; fileRef = F3316A0027056B9E00D2DD0E /* LikesViewModel.swift */; };
		F3316A032705727A00D2DD0E /* SearchViewModel.swift in Sources */ = {isa = PBXBuildFile; fileRef = F3316A022705727A00D2DD0E /* SearchViewModel.swift */; };
		F3316A052705746300D2DD0E /* UserCell.swift in Sources */ = {isa = PBXBuildFile; fileRef = F3316A042705746300D2DD0E /* UserCell.swift */; };
		F3316A0727057BAF00D2DD0E /* ProfileViewModel.swift in Sources */ = {isa = PBXBuildFile; fileRef = F3316A0627057BAF00D2DD0E /* ProfileViewModel.swift */; };
		F3316A092705DEAB00D2DD0E /* MyPostCell.swift in Sources */ = {isa = PBXBuildFile; fileRef = F3316A082705DEAB00D2DD0E /* MyPostCell.swift */; };
		F33B896727082B2600AEFCC5 /* SignInViewModel.swift in Sources */ = {isa = PBXBuildFile; fileRef = F33B896627082B2600AEFCC5 /* SignInViewModel.swift */; };
		F33B89692708548800AEFCC5 /* SignUpViewModel.swift in Sources */ = {isa = PBXBuildFile; fileRef = F33B89682708548800AEFCC5 /* SignUpViewModel.swift */; };
		F33B896B270C9DDE00AEFCC5 /* DatabaseStore.swift in Sources */ = {isa = PBXBuildFile; fileRef = F33B896A270C9DDE00AEFCC5 /* DatabaseStore.swift */; };
		F33B896D270CA95900AEFCC5 /* StorageStore.swift in Sources */ = {isa = PBXBuildFile; fileRef = F33B896C270CA95900AEFCC5 /* StorageStore.swift */; };
		F33B896F270DB93800AEFCC5 /* UploadViewModel.swift in Sources */ = {isa = PBXBuildFile; fileRef = F33B896E270DB93800AEFCC5 /* UploadViewModel.swift */; };
		F33B8971270EB8BE00AEFCC5 /* LikePostCell.swift in Sources */ = {isa = PBXBuildFile; fileRef = F33B8970270EB8BE00AEFCC5 /* LikePostCell.swift */; };
		F33B89772712E12900AEFCC5 /* UrlImageModel.swift in Sources */ = {isa = PBXBuildFile; fileRef = F33B89762712E12900AEFCC5 /* UrlImageModel.swift */; };
		F33B89792713123100AEFCC5 /* OtherProfileScreen.swift in Sources */ = {isa = PBXBuildFile; fileRef = F33B89782713123100AEFCC5 /* OtherProfileScreen.swift */; };
		F33B897B2713138A00AEFCC5 /* OtherProfileViewModel.swift in Sources */ = {isa = PBXBuildFile; fileRef = F33B897A2713138A00AEFCC5 /* OtherProfileViewModel.swift */; };
		F33B897D271315FD00AEFCC5 /* OtherPostCell.swift in Sources */ = {isa = PBXBuildFile; fileRef = F33B897C271315FC00AEFCC5 /* OtherPostCell.swift */; };
		F3AEE56B27073864004388E2 /* GoogleService-Info.plist in Resources */ = {isa = PBXBuildFile; fileRef = F3AEE56A27073864004388E2 /* GoogleService-Info.plist */; };
		FFF2D427A73D2F357704612A /* Pods_ios_myinsta.framework in Frameworks */ = {isa = PBXBuildFile; fileRef = 3058617483DA4D945332AC0B /* Pods_ios_myinsta.framework */; };
/* End PBXBuildFile section */

/* Begin PBXContainerItemProxy section */
		F33169B027008E3200D2DD0E /* PBXContainerItemProxy */ = {
			isa = PBXContainerItemProxy;
			containerPortal = F331699127008E3000D2DD0E /* Project object */;
			proxyType = 1;
			remoteGlobalIDString = F331699827008E3000D2DD0E;
			remoteInfo = "ios-myinsta";
		};
		F33169BB27008E3200D2DD0E /* PBXContainerItemProxy */ = {
			isa = PBXContainerItemProxy;
			containerPortal = F331699127008E3000D2DD0E /* Project object */;
			proxyType = 1;
			remoteGlobalIDString = F331699827008E3000D2DD0E;
			remoteInfo = "ios-myinsta";
		};
/* End PBXContainerItemProxy section */

/* Begin PBXFileReference section */
		2B9E6ADD9B4667B9A70BBC07 /* Pods-ios-myinstaTests.debug.xcconfig */ = {isa = PBXFileReference; includeInIndex = 1; lastKnownFileType = text.xcconfig; name = "Pods-ios-myinstaTests.debug.xcconfig"; path = "Target Support Files/Pods-ios-myinstaTests/Pods-ios-myinstaTests.debug.xcconfig"; sourceTree = "<group>"; };
		3058617483DA4D945332AC0B /* Pods_ios_myinsta.framework */ = {isa = PBXFileReference; explicitFileType = wrapper.framework; includeInIndex = 0; path = Pods_ios_myinsta.framework; sourceTree = BUILT_PRODUCTS_DIR; };
		60B03A650475F7E58959C81D /* Pods-ios-myinsta-ios-myinstaUITests.debug.xcconfig */ = {isa = PBXFileReference; includeInIndex = 1; lastKnownFileType = text.xcconfig; name = "Pods-ios-myinsta-ios-myinstaUITests.debug.xcconfig"; path = "Target Support Files/Pods-ios-myinsta-ios-myinstaUITests/Pods-ios-myinsta-ios-myinstaUITests.debug.xcconfig"; sourceTree = "<group>"; };
		794AE61002392F30A95FC7DB /* Pods-ios-myinsta.release.xcconfig */ = {isa = PBXFileReference; includeInIndex = 1; lastKnownFileType = text.xcconfig; name = "Pods-ios-myinsta.release.xcconfig"; path = "Target Support Files/Pods-ios-myinsta/Pods-ios-myinsta.release.xcconfig"; sourceTree = "<group>"; };
		952F8C643B078BB00E143100 /* Pods-ios-myinsta.debug.xcconfig */ = {isa = PBXFileReference; includeInIndex = 1; lastKnownFileType = text.xcconfig; name = "Pods-ios-myinsta.debug.xcconfig"; path = "Target Support Files/Pods-ios-myinsta/Pods-ios-myinsta.debug.xcconfig"; sourceTree = "<group>"; };
		BEDB15DE12533A5EAA69F9CF /* Pods_ios_myinstaTests.framework */ = {isa = PBXFileReference; explicitFileType = wrapper.framework; includeInIndex = 0; path = Pods_ios_myinstaTests.framework; sourceTree = BUILT_PRODUCTS_DIR; };
		C1D8300E7F8A763AC83724F1 /* Pods-ios-myinsta-ios-myinstaUITests.release.xcconfig */ = {isa = PBXFileReference; includeInIndex = 1; lastKnownFileType = text.xcconfig; name = "Pods-ios-myinsta-ios-myinstaUITests.release.xcconfig"; path = "Target Support Files/Pods-ios-myinsta-ios-myinstaUITests/Pods-ios-myinsta-ios-myinstaUITests.release.xcconfig"; sourceTree = "<group>"; };
		D36E8E1B49160E339615C93A /* Pods_ios_myinsta_ios_myinstaUITests.framework */ = {isa = PBXFileReference; explicitFileType = wrapper.framework; includeInIndex = 0; path = Pods_ios_myinsta_ios_myinstaUITests.framework; sourceTree = BUILT_PRODUCTS_DIR; };
		E04D95EEC569ECE3CC3981BD /* Pods-ios-myinstaTests.release.xcconfig */ = {isa = PBXFileReference; includeInIndex = 1; lastKnownFileType = text.xcconfig; name = "Pods-ios-myinstaTests.release.xcconfig"; path = "Target Support Files/Pods-ios-myinstaTests/Pods-ios-myinstaTests.release.xcconfig"; sourceTree = "<group>"; };
		F331699927008E3000D2DD0E /* ios-myinsta.app */ = {isa = PBXFileReference; explicitFileType = wrapper.application; includeInIndex = 0; path = "ios-myinsta.app"; sourceTree = BUILT_PRODUCTS_DIR; };
		F331699C27008E3000D2DD0E /* AppDelegate.swift */ = {isa = PBXFileReference; lastKnownFileType = sourcecode.swift; path = AppDelegate.swift; sourceTree = "<group>"; };
		F331699E27008E3000D2DD0E /* SceneDelegate.swift */ = {isa = PBXFileReference; lastKnownFileType = sourcecode.swift; path = SceneDelegate.swift; sourceTree = "<group>"; };
		F33169A227008E3200D2DD0E /* Assets.xcassets */ = {isa = PBXFileReference; lastKnownFileType = folder.assetcatalog; path = Assets.xcassets; sourceTree = "<group>"; };
		F33169A527008E3200D2DD0E /* Preview Assets.xcassets */ = {isa = PBXFileReference; lastKnownFileType = folder.assetcatalog; path = "Preview Assets.xcassets"; sourceTree = "<group>"; };
		F33169A827008E3200D2DD0E /* Base */ = {isa = PBXFileReference; lastKnownFileType = file.storyboard; name = Base; path = Base.lproj/LaunchScreen.storyboard; sourceTree = "<group>"; };
		F33169AA27008E3200D2DD0E /* Info.plist */ = {isa = PBXFileReference; lastKnownFileType = text.plist.xml; path = Info.plist; sourceTree = "<group>"; };
		F33169AF27008E3200D2DD0E /* ios-myinstaTests.xctest */ = {isa = PBXFileReference; explicitFileType = wrapper.cfbundle; includeInIndex = 0; path = "ios-myinstaTests.xctest"; sourceTree = BUILT_PRODUCTS_DIR; };
		F33169B327008E3200D2DD0E /* ios_myinstaTests.swift */ = {isa = PBXFileReference; lastKnownFileType = sourcecode.swift; path = ios_myinstaTests.swift; sourceTree = "<group>"; };
		F33169B527008E3200D2DD0E /* Info.plist */ = {isa = PBXFileReference; lastKnownFileType = text.plist.xml; path = Info.plist; sourceTree = "<group>"; };
		F33169BA27008E3200D2DD0E /* ios-myinstaUITests.xctest */ = {isa = PBXFileReference; explicitFileType = wrapper.cfbundle; includeInIndex = 0; path = "ios-myinstaUITests.xctest"; sourceTree = BUILT_PRODUCTS_DIR; };
		F33169BE27008E3200D2DD0E /* ios_myinstaUITests.swift */ = {isa = PBXFileReference; lastKnownFileType = sourcecode.swift; path = ios_myinstaUITests.swift; sourceTree = "<group>"; };
		F33169C027008E3200D2DD0E /* Info.plist */ = {isa = PBXFileReference; lastKnownFileType = text.plist.xml; path = Info.plist; sourceTree = "<group>"; };
		F33169D027008EA600D2DD0E /* StarterScreen.swift */ = {isa = PBXFileReference; lastKnownFileType = sourcecode.swift; path = StarterScreen.swift; sourceTree = "<group>"; };
		F33169D227008F9A00D2DD0E /* SignInScreen.swift */ = {isa = PBXFileReference; lastKnownFileType = sourcecode.swift; path = SignInScreen.swift; sourceTree = "<group>"; };
		F33169D5270091A600D2DD0E /* Utils.swift */ = {isa = PBXFileReference; lastKnownFileType = sourcecode.swift; path = Utils.swift; sourceTree = "<group>"; };
		F33169D7270096B100D2DD0E /* SignUpScreen.swift */ = {isa = PBXFileReference; lastKnownFileType = sourcecode.swift; path = SignUpScreen.swift; sourceTree = "<group>"; };
		F33169DC270196F600D2DD0E /* en */ = {isa = PBXFileReference; lastKnownFileType = text.plist.strings; name = en; path = en.lproj/Localizable.strings; sourceTree = "<group>"; };
		F33169DE2701973F00D2DD0E /* ru */ = {isa = PBXFileReference; lastKnownFileType = text.plist.strings; name = ru; path = ru.lproj/LaunchScreen.strings; sourceTree = "<group>"; };
		F33169DF2701974000D2DD0E /* ru */ = {isa = PBXFileReference; lastKnownFileType = text.plist.strings; name = ru; path = ru.lproj/Localizable.strings; sourceTree = "<group>"; };
		F33169E02701984100D2DD0E /* Billabong.ttf */ = {isa = PBXFileReference; lastKnownFileType = file; path = Billabong.ttf; sourceTree = "<group>"; };
		F33169E22701EB2600D2DD0E /* HomeScreen.swift */ = {isa = PBXFileReference; lastKnownFileType = sourcecode.swift; path = HomeScreen.swift; sourceTree = "<group>"; };
		F33169E62701EB4600D2DD0E /* User.swift */ = {isa = PBXFileReference; lastKnownFileType = sourcecode.swift; path = User.swift; sourceTree = "<group>"; };
		F33169E82701EB5300D2DD0E /* SessionStore.swift */ = {isa = PBXFileReference; lastKnownFileType = sourcecode.swift; path = SessionStore.swift; sourceTree = "<group>"; };
		F33169EA2701EE5400D2DD0E /* HomeFeedScreen.swift */ = {isa = PBXFileReference; lastKnownFileType = sourcecode.swift; path = HomeFeedScreen.swift; sourceTree = "<group>"; };
		F33169EC2701EE6600D2DD0E /* HomeSearchScreen.swift */ = {isa = PBXFileReference; lastKnownFileType = sourcecode.swift; path = HomeSearchScreen.swift; sourceTree = "<group>"; };
		F33169EE2701EE7B00D2DD0E /* HomeUploadScreen.swift */ = {isa = PBXFileReference; lastKnownFileType = sourcecode.swift; path = HomeUploadScreen.swift; sourceTree = "<group>"; };
		F33169F02701EE8A00D2DD0E /* HomeLikesScreen.swift */ = {isa = PBXFileReference; lastKnownFileType = sourcecode.swift; path = HomeLikesScreen.swift; sourceTree = "<group>"; };
		F33169F22701EE9800D2DD0E /* HomeProfileScreen.swift */ = {isa = PBXFileReference; lastKnownFileType = sourcecode.swift; path = HomeProfileScreen.swift; sourceTree = "<group>"; };
		F33169F4270435EF00D2DD0E /* Coordinator.swift */ = {isa = PBXFileReference; lastKnownFileType = sourcecode.swift; path = Coordinator.swift; sourceTree = "<group>"; };
		F33169F6270436D900D2DD0E /* ImagePickerView.swift */ = {isa = PBXFileReference; lastKnownFileType = sourcecode.swift; path = ImagePickerView.swift; sourceTree = "<group>"; };
		F33169F92704B16100D2DD0E /* FeedViewModel.swift */ = {isa = PBXFileReference; lastKnownFileType = sourcecode.swift; path = FeedViewModel.swift; sourceTree = "<group>"; };
		F33169FB2704B19700D2DD0E /* Post.swift */ = {isa = PBXFileReference; lastKnownFileType = sourcecode.swift; path = Post.swift; sourceTree = "<group>"; };
		F33169FE2705641E00D2DD0E /* FeedPostCell.swift */ = {isa = PBXFileReference; lastKnownFileType = sourcecode.swift; path = FeedPostCell.swift; sourceTree = "<group>"; };
		F3316A0027056B9E00D2DD0E /* LikesViewModel.swift */ = {isa = PBXFileReference; lastKnownFileType = sourcecode.swift; path = LikesViewModel.swift; sourceTree = "<group>"; };
		F3316A022705727A00D2DD0E /* SearchViewModel.swift */ = {isa = PBXFileReference; lastKnownFileType = sourcecode.swift; path = SearchViewModel.swift; sourceTree = "<group>"; };
		F3316A042705746300D2DD0E /* UserCell.swift */ = {isa = PBXFileReference; lastKnownFileType = sourcecode.swift; path = UserCell.swift; sourceTree = "<group>"; };
		F3316A0627057BAF00D2DD0E /* ProfileViewModel.swift */ = {isa = PBXFileReference; lastKnownFileType = sourcecode.swift; path = ProfileViewModel.swift; sourceTree = "<group>"; };
		F3316A082705DEAB00D2DD0E /* MyPostCell.swift */ = {isa = PBXFileReference; lastKnownFileType = sourcecode.swift; path = MyPostCell.swift; sourceTree = "<group>"; wrapsLines = 1; };
		F33B896627082B2600AEFCC5 /* SignInViewModel.swift */ = {isa = PBXFileReference; lastKnownFileType = sourcecode.swift; path = SignInViewModel.swift; sourceTree = "<group>"; };
		F33B89682708548800AEFCC5 /* SignUpViewModel.swift */ = {isa = PBXFileReference; lastKnownFileType = sourcecode.swift; path = SignUpViewModel.swift; sourceTree = "<group>"; };
		F33B896A270C9DDE00AEFCC5 /* DatabaseStore.swift */ = {isa = PBXFileReference; lastKnownFileType = sourcecode.swift; path = DatabaseStore.swift; sourceTree = "<group>"; };
		F33B896C270CA95900AEFCC5 /* StorageStore.swift */ = {isa = PBXFileReference; lastKnownFileType = sourcecode.swift; path = StorageStore.swift; sourceTree = "<group>"; };
		F33B896E270DB93800AEFCC5 /* UploadViewModel.swift */ = {isa = PBXFileReference; lastKnownFileType = sourcecode.swift; path = UploadViewModel.swift; sourceTree = "<group>"; };
		F33B8970270EB8BE00AEFCC5 /* LikePostCell.swift */ = {isa = PBXFileReference; lastKnownFileType = sourcecode.swift; path = LikePostCell.swift; sourceTree = "<group>"; };
		F33B89762712E12900AEFCC5 /* UrlImageModel.swift */ = {isa = PBXFileReference; lastKnownFileType = sourcecode.swift; path = UrlImageModel.swift; sourceTree = "<group>"; };
		F33B89782713123100AEFCC5 /* OtherProfileScreen.swift */ = {isa = PBXFileReference; lastKnownFileType = sourcecode.swift; path = OtherProfileScreen.swift; sourceTree = "<group>"; };
		F33B897A2713138A00AEFCC5 /* OtherProfileViewModel.swift */ = {isa = PBXFileReference; lastKnownFileType = sourcecode.swift; path = OtherProfileViewModel.swift; sourceTree = "<group>"; };
		F33B897C271315FC00AEFCC5 /* OtherPostCell.swift */ = {isa = PBXFileReference; lastKnownFileType = sourcecode.swift; path = OtherPostCell.swift; sourceTree = "<group>"; };
		F3AEE56A27073864004388E2 /* GoogleService-Info.plist */ = {isa = PBXFileReference; fileEncoding = 4; lastKnownFileType = text.plist.xml; path = "GoogleService-Info.plist"; sourceTree = "<group>"; };
/* End PBXFileReference section */

/* Begin PBXFrameworksBuildPhase section */
		F331699627008E3000D2DD0E /* Frameworks */ = {
			isa = PBXFrameworksBuildPhase;
			buildActionMask = 2147483647;
			files = (
				FFF2D427A73D2F357704612A /* Pods_ios_myinsta.framework in Frameworks */,
			);
			runOnlyForDeploymentPostprocessing = 0;
		};
		F33169AC27008E3200D2DD0E /* Frameworks */ = {
			isa = PBXFrameworksBuildPhase;
			buildActionMask = 2147483647;
			files = (
				A7BE3075B58F892C6573870C /* Pods_ios_myinstaTests.framework in Frameworks */,
			);
			runOnlyForDeploymentPostprocessing = 0;
		};
		F33169B727008E3200D2DD0E /* Frameworks */ = {
			isa = PBXFrameworksBuildPhase;
			buildActionMask = 2147483647;
			files = (
				51F608968A0AD38178CDA7A0 /* Pods_ios_myinsta_ios_myinstaUITests.framework in Frameworks */,
			);
			runOnlyForDeploymentPostprocessing = 0;
		};
/* End PBXFrameworksBuildPhase section */

/* Begin PBXGroup section */
		0F975A8A7F888443883898C5 /* Frameworks */ = {
			isa = PBXGroup;
			children = (
				3058617483DA4D945332AC0B /* Pods_ios_myinsta.framework */,
				D36E8E1B49160E339615C93A /* Pods_ios_myinsta_ios_myinstaUITests.framework */,
				BEDB15DE12533A5EAA69F9CF /* Pods_ios_myinstaTests.framework */,
			);
			name = Frameworks;
			sourceTree = "<group>";
		};
		EE9E04530144ADC527BDB459 /* Pods */ = {
			isa = PBXGroup;
			children = (
				952F8C643B078BB00E143100 /* Pods-ios-myinsta.debug.xcconfig */,
				794AE61002392F30A95FC7DB /* Pods-ios-myinsta.release.xcconfig */,
				60B03A650475F7E58959C81D /* Pods-ios-myinsta-ios-myinstaUITests.debug.xcconfig */,
				C1D8300E7F8A763AC83724F1 /* Pods-ios-myinsta-ios-myinstaUITests.release.xcconfig */,
				2B9E6ADD9B4667B9A70BBC07 /* Pods-ios-myinstaTests.debug.xcconfig */,
				E04D95EEC569ECE3CC3981BD /* Pods-ios-myinstaTests.release.xcconfig */,
			);
			path = Pods;
			sourceTree = "<group>";
		};
		F331699027008E3000D2DD0E = {
			isa = PBXGroup;
			children = (
				F331699B27008E3000D2DD0E /* ios-myinsta */,
				F33169B227008E3200D2DD0E /* ios-myinstaTests */,
				F33169BD27008E3200D2DD0E /* ios-myinstaUITests */,
				F331699A27008E3000D2DD0E /* Products */,
				EE9E04530144ADC527BDB459 /* Pods */,
				0F975A8A7F888443883898C5 /* Frameworks */,
			);
			sourceTree = "<group>";
		};
		F331699A27008E3000D2DD0E /* Products */ = {
			isa = PBXGroup;
			children = (
				F331699927008E3000D2DD0E /* ios-myinsta.app */,
				F33169AF27008E3200D2DD0E /* ios-myinstaTests.xctest */,
				F33169BA27008E3200D2DD0E /* ios-myinstaUITests.xctest */,
			);
			name = Products;
			sourceTree = "<group>";
		};
		F331699B27008E3000D2DD0E /* ios-myinsta */ = {
			isa = PBXGroup;
			children = (
				F33169CD27008E6900D2DD0E /* screens */,
				F33169FD270563FE00D2DD0E /* cells */,
				F33169F82704B13F00D2DD0E /* viewmodel */,
				F33169E52701EB3C00D2DD0E /* model */,
				F33169E42701EB2E00D2DD0E /* services */,
				F33169D42700917D00D2DD0E /* utils */,
				F33169CC27008E4B00D2DD0E /* apputils */,
				F331699C27008E3000D2DD0E /* AppDelegate.swift */,
				F331699E27008E3000D2DD0E /* SceneDelegate.swift */,
				F33169AA27008E3200D2DD0E /* Info.plist */,
				F3AEE56A27073864004388E2 /* GoogleService-Info.plist */,
				F33169A427008E3200D2DD0E /* Preview Content */,
			);
			path = "ios-myinsta";
			sourceTree = "<group>";
		};
		F33169A427008E3200D2DD0E /* Preview Content */ = {
			isa = PBXGroup;
			children = (
				F33169A527008E3200D2DD0E /* Preview Assets.xcassets */,
			);
			path = "Preview Content";
			sourceTree = "<group>";
		};
		F33169B227008E3200D2DD0E /* ios-myinstaTests */ = {
			isa = PBXGroup;
			children = (
				F33169B327008E3200D2DD0E /* ios_myinstaTests.swift */,
				F33169B527008E3200D2DD0E /* Info.plist */,
			);
			path = "ios-myinstaTests";
			sourceTree = "<group>";
		};
		F33169BD27008E3200D2DD0E /* ios-myinstaUITests */ = {
			isa = PBXGroup;
			children = (
				F33169BE27008E3200D2DD0E /* ios_myinstaUITests.swift */,
				F33169C027008E3200D2DD0E /* Info.plist */,
			);
			path = "ios-myinstaUITests";
			sourceTree = "<group>";
		};
		F33169CC27008E4B00D2DD0E /* apputils */ = {
			isa = PBXGroup;
			children = (
				F33169E02701984100D2DD0E /* Billabong.ttf */,
				F33169DD270196F600D2DD0E /* Localizable.strings */,
				F33169A227008E3200D2DD0E /* Assets.xcassets */,
				F33169A727008E3200D2DD0E /* LaunchScreen.storyboard */,
			);
			path = apputils;
			sourceTree = "<group>";
		};
		F33169CD27008E6900D2DD0E /* screens */ = {
			isa = PBXGroup;
			children = (
				F33169D027008EA600D2DD0E /* StarterScreen.swift */,
				F33169D227008F9A00D2DD0E /* SignInScreen.swift */,
				F33169D7270096B100D2DD0E /* SignUpScreen.swift */,
				F33169E22701EB2600D2DD0E /* HomeScreen.swift */,
				F33169EA2701EE5400D2DD0E /* HomeFeedScreen.swift */,
				F33169EC2701EE6600D2DD0E /* HomeSearchScreen.swift */,
				F33169EE2701EE7B00D2DD0E /* HomeUploadScreen.swift */,
				F33169F02701EE8A00D2DD0E /* HomeLikesScreen.swift */,
				F33169F22701EE9800D2DD0E /* HomeProfileScreen.swift */,
				F33B89782713123100AEFCC5 /* OtherProfileScreen.swift */,
			);
			path = screens;
			sourceTree = "<group>";
		};
		F33169D42700917D00D2DD0E /* utils */ = {
			isa = PBXGroup;
			children = (
				F33169D5270091A600D2DD0E /* Utils.swift */,
				F33169F4270435EF00D2DD0E /* Coordinator.swift */,
				F33169F6270436D900D2DD0E /* ImagePickerView.swift */,
				F33B89762712E12900AEFCC5 /* UrlImageModel.swift */,
			);
			path = utils;
			sourceTree = "<group>";
		};
		F33169E42701EB2E00D2DD0E /* services */ = {
			isa = PBXGroup;
			children = (
				F33169E82701EB5300D2DD0E /* SessionStore.swift */,
				F33B896A270C9DDE00AEFCC5 /* DatabaseStore.swift */,
				F33B896C270CA95900AEFCC5 /* StorageStore.swift */,
			);
			path = services;
			sourceTree = "<group>";
		};
		F33169E52701EB3C00D2DD0E /* model */ = {
			isa = PBXGroup;
			children = (
				F33169E62701EB4600D2DD0E /* User.swift */,
				F33169FB2704B19700D2DD0E /* Post.swift */,
			);
			path = model;
			sourceTree = "<group>";
		};
		F33169F82704B13F00D2DD0E /* viewmodel */ = {
			isa = PBXGroup;
			children = (
				F33169F92704B16100D2DD0E /* FeedViewModel.swift */,
				F3316A0027056B9E00D2DD0E /* LikesViewModel.swift */,
				F3316A022705727A00D2DD0E /* SearchViewModel.swift */,
				F3316A0627057BAF00D2DD0E /* ProfileViewModel.swift */,
				F33B896627082B2600AEFCC5 /* SignInViewModel.swift */,
				F33B89682708548800AEFCC5 /* SignUpViewModel.swift */,
				F33B896E270DB93800AEFCC5 /* UploadViewModel.swift */,
				F33B897A2713138A00AEFCC5 /* OtherProfileViewModel.swift */,
			);
			path = viewmodel;
			sourceTree = "<group>";
		};
		F33169FD270563FE00D2DD0E /* cells */ = {
			isa = PBXGroup;
			children = (
				F33169FE2705641E00D2DD0E /* FeedPostCell.swift */,
				F3316A042705746300D2DD0E /* UserCell.swift */,
				F3316A082705DEAB00D2DD0E /* MyPostCell.swift */,
				F33B8970270EB8BE00AEFCC5 /* LikePostCell.swift */,
				F33B897C271315FC00AEFCC5 /* OtherPostCell.swift */,
			);
			path = cells;
			sourceTree = "<group>";
		};
/* End PBXGroup section */

/* Begin PBXNativeTarget section */
		F331699827008E3000D2DD0E /* ios-myinsta */ = {
			isa = PBXNativeTarget;
			buildConfigurationList = F33169C327008E3200D2DD0E /* Build configuration list for PBXNativeTarget "ios-myinsta" */;
			buildPhases = (
				2A4BBE7027C4AEDE16CAB89C /* [CP] Check Pods Manifest.lock */,
				F331699527008E3000D2DD0E /* Sources */,
				F331699627008E3000D2DD0E /* Frameworks */,
				F331699727008E3000D2DD0E /* Resources */,
				AB5A990F796F4915773059EB /* [CP] Embed Pods Frameworks */,
			);
			buildRules = (
			);
			dependencies = (
			);
			name = "ios-myinsta";
			productName = "ios-myinsta";
			productReference = F331699927008E3000D2DD0E /* ios-myinsta.app */;
			productType = "com.apple.product-type.application";
		};
		F33169AE27008E3200D2DD0E /* ios-myinstaTests */ = {
			isa = PBXNativeTarget;
			buildConfigurationList = F33169C627008E3200D2DD0E /* Build configuration list for PBXNativeTarget "ios-myinstaTests" */;
			buildPhases = (
				83B8EA94103CD4B26BF698F5 /* [CP] Check Pods Manifest.lock */,
				F33169AB27008E3200D2DD0E /* Sources */,
				F33169AC27008E3200D2DD0E /* Frameworks */,
				F33169AD27008E3200D2DD0E /* Resources */,
			);
			buildRules = (
			);
			dependencies = (
				F33169B127008E3200D2DD0E /* PBXTargetDependency */,
			);
			name = "ios-myinstaTests";
			productName = "ios-myinstaTests";
			productReference = F33169AF27008E3200D2DD0E /* ios-myinstaTests.xctest */;
			productType = "com.apple.product-type.bundle.unit-test";
		};
		F33169B927008E3200D2DD0E /* ios-myinstaUITests */ = {
			isa = PBXNativeTarget;
			buildConfigurationList = F33169C927008E3200D2DD0E /* Build configuration list for PBXNativeTarget "ios-myinstaUITests" */;
			buildPhases = (
				2D6294FCE38F51A93A00B884 /* [CP] Check Pods Manifest.lock */,
				F33169B627008E3200D2DD0E /* Sources */,
				F33169B727008E3200D2DD0E /* Frameworks */,
				F33169B827008E3200D2DD0E /* Resources */,
				A6043250D6C0529AF401C6D0 /* [CP] Embed Pods Frameworks */,
			);
			buildRules = (
			);
			dependencies = (
				F33169BC27008E3200D2DD0E /* PBXTargetDependency */,
			);
			name = "ios-myinstaUITests";
			productName = "ios-myinstaUITests";
			productReference = F33169BA27008E3200D2DD0E /* ios-myinstaUITests.xctest */;
			productType = "com.apple.product-type.bundle.ui-testing";
		};
/* End PBXNativeTarget section */

/* Begin PBXProject section */
		F331699127008E3000D2DD0E /* Project object */ = {
			isa = PBXProject;
			attributes = {
				LastSwiftUpdateCheck = 1250;
				LastUpgradeCheck = 1250;
				TargetAttributes = {
					F331699827008E3000D2DD0E = {
						CreatedOnToolsVersion = 12.5.1;
					};
					F33169AE27008E3200D2DD0E = {
						CreatedOnToolsVersion = 12.5.1;
						TestTargetID = F331699827008E3000D2DD0E;
					};
					F33169B927008E3200D2DD0E = {
						CreatedOnToolsVersion = 12.5.1;
						TestTargetID = F331699827008E3000D2DD0E;
					};
				};
			};
			buildConfigurationList = F331699427008E3000D2DD0E /* Build configuration list for PBXProject "ios-myinsta" */;
			compatibilityVersion = "Xcode 9.3";
			developmentRegion = en;
			hasScannedForEncodings = 0;
			knownRegions = (
				en,
				Base,
				ru,
			);
			mainGroup = F331699027008E3000D2DD0E;
			productRefGroup = F331699A27008E3000D2DD0E /* Products */;
			projectDirPath = "";
			projectRoot = "";
			targets = (
				F331699827008E3000D2DD0E /* ios-myinsta */,
				F33169AE27008E3200D2DD0E /* ios-myinstaTests */,
				F33169B927008E3200D2DD0E /* ios-myinstaUITests */,
			);
		};
/* End PBXProject section */

/* Begin PBXResourcesBuildPhase section */
		F331699727008E3000D2DD0E /* Resources */ = {
			isa = PBXResourcesBuildPhase;
			buildActionMask = 2147483647;
			files = (
				F33169E12701984100D2DD0E /* Billabong.ttf in Resources */,
				F33169A927008E3200D2DD0E /* LaunchScreen.storyboard in Resources */,
				F3AEE56B27073864004388E2 /* GoogleService-Info.plist in Resources */,
				F33169DB270196F600D2DD0E /* Localizable.strings in Resources */,
				F33169A627008E3200D2DD0E /* Preview Assets.xcassets in Resources */,
				F33169A327008E3200D2DD0E /* Assets.xcassets in Resources */,
			);
			runOnlyForDeploymentPostprocessing = 0;
		};
		F33169AD27008E3200D2DD0E /* Resources */ = {
			isa = PBXResourcesBuildPhase;
			buildActionMask = 2147483647;
			files = (
			);
			runOnlyForDeploymentPostprocessing = 0;
		};
		F33169B827008E3200D2DD0E /* Resources */ = {
			isa = PBXResourcesBuildPhase;
			buildActionMask = 2147483647;
			files = (
			);
			runOnlyForDeploymentPostprocessing = 0;
		};
/* End PBXResourcesBuildPhase section */

/* Begin PBXShellScriptBuildPhase section */
		2A4BBE7027C4AEDE16CAB89C /* [CP] Check Pods Manifest.lock */ = {
			isa = PBXShellScriptBuildPhase;
			buildActionMask = 2147483647;
			files = (
			);
			inputFileListPaths = (
			);
			inputPaths = (
				"${PODS_PODFILE_DIR_PATH}/Podfile.lock",
				"${PODS_ROOT}/Manifest.lock",
			);
			name = "[CP] Check Pods Manifest.lock";
			outputFileListPaths = (
			);
			outputPaths = (
				"$(DERIVED_FILE_DIR)/Pods-ios-myinsta-checkManifestLockResult.txt",
			);
			runOnlyForDeploymentPostprocessing = 0;
			shellPath = /bin/sh;
			shellScript = "diff \"${PODS_PODFILE_DIR_PATH}/Podfile.lock\" \"${PODS_ROOT}/Manifest.lock\" > /dev/null\nif [ $? != 0 ] ; then\n    # print error to STDERR\n    echo \"error: The sandbox is not in sync with the Podfile.lock. Run 'pod install' or update your CocoaPods installation.\" >&2\n    exit 1\nfi\n# This output is used by Xcode 'outputs' to avoid re-running this script phase.\necho \"SUCCESS\" > \"${SCRIPT_OUTPUT_FILE_0}\"\n";
			showEnvVarsInLog = 0;
		};
		2D6294FCE38F51A93A00B884 /* [CP] Check Pods Manifest.lock */ = {
			isa = PBXShellScriptBuildPhase;
			buildActionMask = 2147483647;
			files = (
			);
			inputFileListPaths = (
			);
			inputPaths = (
				"${PODS_PODFILE_DIR_PATH}/Podfile.lock",
				"${PODS_ROOT}/Manifest.lock",
			);
			name = "[CP] Check Pods Manifest.lock";
			outputFileListPaths = (
			);
			outputPaths = (
				"$(DERIVED_FILE_DIR)/Pods-ios-myinsta-ios-myinstaUITests-checkManifestLockResult.txt",
			);
			runOnlyForDeploymentPostprocessing = 0;
			shellPath = /bin/sh;
			shellScript = "diff \"${PODS_PODFILE_DIR_PATH}/Podfile.lock\" \"${PODS_ROOT}/Manifest.lock\" > /dev/null\nif [ $? != 0 ] ; then\n    # print error to STDERR\n    echo \"error: The sandbox is not in sync with the Podfile.lock. Run 'pod install' or update your CocoaPods installation.\" >&2\n    exit 1\nfi\n# This output is used by Xcode 'outputs' to avoid re-running this script phase.\necho \"SUCCESS\" > \"${SCRIPT_OUTPUT_FILE_0}\"\n";
			showEnvVarsInLog = 0;
		};
		83B8EA94103CD4B26BF698F5 /* [CP] Check Pods Manifest.lock */ = {
			isa = PBXShellScriptBuildPhase;
			buildActionMask = 2147483647;
			files = (
			);
			inputFileListPaths = (
			);
			inputPaths = (
				"${PODS_PODFILE_DIR_PATH}/Podfile.lock",
				"${PODS_ROOT}/Manifest.lock",
			);
			name = "[CP] Check Pods Manifest.lock";
			outputFileListPaths = (
			);
			outputPaths = (
				"$(DERIVED_FILE_DIR)/Pods-ios-myinstaTests-checkManifestLockResult.txt",
			);
			runOnlyForDeploymentPostprocessing = 0;
			shellPath = /bin/sh;
			shellScript = "diff \"${PODS_PODFILE_DIR_PATH}/Podfile.lock\" \"${PODS_ROOT}/Manifest.lock\" > /dev/null\nif [ $? != 0 ] ; then\n    # print error to STDERR\n    echo \"error: The sandbox is not in sync with the Podfile.lock. Run 'pod install' or update your CocoaPods installation.\" >&2\n    exit 1\nfi\n# This output is used by Xcode 'outputs' to avoid re-running this script phase.\necho \"SUCCESS\" > \"${SCRIPT_OUTPUT_FILE_0}\"\n";
			showEnvVarsInLog = 0;
		};
		A6043250D6C0529AF401C6D0 /* [CP] Embed Pods Frameworks */ = {
			isa = PBXShellScriptBuildPhase;
			buildActionMask = 2147483647;
			files = (
			);
			inputFileListPaths = (
				"${PODS_ROOT}/Target Support Files/Pods-ios-myinsta-ios-myinstaUITests/Pods-ios-myinsta-ios-myinstaUITests-frameworks-${CONFIGURATION}-input-files.xcfilelist",
			);
			name = "[CP] Embed Pods Frameworks";
			outputFileListPaths = (
				"${PODS_ROOT}/Target Support Files/Pods-ios-myinsta-ios-myinstaUITests/Pods-ios-myinsta-ios-myinstaUITests-frameworks-${CONFIGURATION}-output-files.xcfilelist",
			);
			runOnlyForDeploymentPostprocessing = 0;
			shellPath = /bin/sh;
			shellScript = "\"${PODS_ROOT}/Target Support Files/Pods-ios-myinsta-ios-myinstaUITests/Pods-ios-myinsta-ios-myinstaUITests-frameworks.sh\"\n";
			showEnvVarsInLog = 0;
		};
		AB5A990F796F4915773059EB /* [CP] Embed Pods Frameworks */ = {
			isa = PBXShellScriptBuildPhase;
			buildActionMask = 2147483647;
			files = (
			);
			inputFileListPaths = (
				"${PODS_ROOT}/Target Support Files/Pods-ios-myinsta/Pods-ios-myinsta-frameworks-${CONFIGURATION}-input-files.xcfilelist",
			);
			name = "[CP] Embed Pods Frameworks";
			outputFileListPaths = (
				"${PODS_ROOT}/Target Support Files/Pods-ios-myinsta/Pods-ios-myinsta-frameworks-${CONFIGURATION}-output-files.xcfilelist",
			);
			runOnlyForDeploymentPostprocessing = 0;
			shellPath = /bin/sh;
			shellScript = "\"${PODS_ROOT}/Target Support Files/Pods-ios-myinsta/Pods-ios-myinsta-frameworks.sh\"\n";
			showEnvVarsInLog = 0;
		};
/* End PBXShellScriptBuildPhase section */

/* Begin PBXSourcesBuildPhase section */
		F331699527008E3000D2DD0E /* Sources */ = {
			isa = PBXSourcesBuildPhase;
			buildActionMask = 2147483647;
			files = (
				F33169F32701EE9800D2DD0E /* HomeProfileScreen.swift in Sources */,
				F33169FA2704B16100D2DD0E /* FeedViewModel.swift in Sources */,
				F33169F12701EE8A00D2DD0E /* HomeLikesScreen.swift in Sources */,
				F33B896D270CA95900AEFCC5 /* StorageStore.swift in Sources */,
				F33169F5270435EF00D2DD0E /* Coordinator.swift in Sources */,
				F33169EB2701EE5400D2DD0E /* HomeFeedScreen.swift in Sources */,
				F33B89792713123100AEFCC5 /* OtherProfileScreen.swift in Sources */,
				F33169D6270091A600D2DD0E /* Utils.swift in Sources */,
				F331699D27008E3000D2DD0E /* AppDelegate.swift in Sources */,
				F33B896B270C9DDE00AEFCC5 /* DatabaseStore.swift in Sources */,
				F33169E32701EB2600D2DD0E /* HomeScreen.swift in Sources */,
				F33169D327008F9A00D2DD0E /* SignInScreen.swift in Sources */,
				F33169E72701EB4600D2DD0E /* User.swift in Sources */,
				F33169E92701EB5300D2DD0E /* SessionStore.swift in Sources */,
				F3316A0127056B9E00D2DD0E /* LikesViewModel.swift in Sources */,
				F33169D127008EA600D2DD0E /* StarterScreen.swift in Sources */,
				F33169FF2705641E00D2DD0E /* FeedPostCell.swift in Sources */,
				F33B8971270EB8BE00AEFCC5 /* LikePostCell.swift in Sources */,
				F33B89692708548800AEFCC5 /* SignUpViewModel.swift in Sources */,
				F33B896727082B2600AEFCC5 /* SignInViewModel.swift in Sources */,
				F331699F27008E3000D2DD0E /* SceneDelegate.swift in Sources */,
				F3316A0727057BAF00D2DD0E /* ProfileViewModel.swift in Sources */,
				F3316A032705727A00D2DD0E /* SearchViewModel.swift in Sources */,
				F33169F7270436D900D2DD0E /* ImagePickerView.swift in Sources */,
				F33169ED2701EE6600D2DD0E /* HomeSearchScreen.swift in Sources */,
				F33169FC2704B19700D2DD0E /* Post.swift in Sources */,
				F33B897B2713138A00AEFCC5 /* OtherProfileViewModel.swift in Sources */,
				F33169D8270096B100D2DD0E /* SignUpScreen.swift in Sources */,
				F33B896F270DB93800AEFCC5 /* UploadViewModel.swift in Sources */,
				F33B89772712E12900AEFCC5 /* UrlImageModel.swift in Sources */,
				F33B897D271315FD00AEFCC5 /* OtherPostCell.swift in Sources */,
				F3316A052705746300D2DD0E /* UserCell.swift in Sources */,
				F33169EF2701EE7B00D2DD0E /* HomeUploadScreen.swift in Sources */,
				F3316A092705DEAB00D2DD0E /* MyPostCell.swift in Sources */,
			);
			runOnlyForDeploymentPostprocessing = 0;
		};
		F33169AB27008E3200D2DD0E /* Sources */ = {
			isa = PBXSourcesBuildPhase;
			buildActionMask = 2147483647;
			files = (
				F33169B427008E3200D2DD0E /* ios_myinstaTests.swift in Sources */,
			);
			runOnlyForDeploymentPostprocessing = 0;
		};
		F33169B627008E3200D2DD0E /* Sources */ = {
			isa = PBXSourcesBuildPhase;
			buildActionMask = 2147483647;
			files = (
				F33169BF27008E3200D2DD0E /* ios_myinstaUITests.swift in Sources */,
			);
			runOnlyForDeploymentPostprocessing = 0;
		};
/* End PBXSourcesBuildPhase section */

/* Begin PBXTargetDependency section */
		F33169B127008E3200D2DD0E /* PBXTargetDependency */ = {
			isa = PBXTargetDependency;
			target = F331699827008E3000D2DD0E /* ios-myinsta */;
			targetProxy = F33169B027008E3200D2DD0E /* PBXContainerItemProxy */;
		};
		F33169BC27008E3200D2DD0E /* PBXTargetDependency */ = {
			isa = PBXTargetDependency;
			target = F331699827008E3000D2DD0E /* ios-myinsta */;
			targetProxy = F33169BB27008E3200D2DD0E /* PBXContainerItemProxy */;
		};
/* End PBXTargetDependency section */

/* Begin PBXVariantGroup section */
		F33169A727008E3200D2DD0E /* LaunchScreen.storyboard */ = {
			isa = PBXVariantGroup;
			children = (
				F33169A827008E3200D2DD0E /* Base */,
				F33169DE2701973F00D2DD0E /* ru */,
			);
			name = LaunchScreen.storyboard;
			sourceTree = "<group>";
		};
		F33169DD270196F600D2DD0E /* Localizable.strings */ = {
			isa = PBXVariantGroup;
			children = (
				F33169DC270196F600D2DD0E /* en */,
				F33169DF2701974000D2DD0E /* ru */,
			);
			name = Localizable.strings;
			sourceTree = "<group>";
		};
/* End PBXVariantGroup section */

/* Begin XCBuildConfiguration section */
		F33169C127008E3200D2DD0E /* Debug */ = {
			isa = XCBuildConfiguration;
			buildSettings = {
				ALWAYS_SEARCH_USER_PATHS = NO;
				CLANG_ANALYZER_LOCALIZABILITY_NONLOCALIZED = YES;
				CLANG_ANALYZER_NONNULL = YES;
				CLANG_ANALYZER_NUMBER_OBJECT_CONVERSION = YES_AGGRESSIVE;
				CLANG_CXX_LANGUAGE_STANDARD = "gnu++14";
				CLANG_CXX_LIBRARY = "libc++";
				CLANG_ENABLE_MODULES = YES;
				CLANG_ENABLE_OBJC_ARC = YES;
				CLANG_ENABLE_OBJC_WEAK = YES;
				CLANG_WARN_BLOCK_CAPTURE_AUTORELEASING = YES;
				CLANG_WARN_BOOL_CONVERSION = YES;
				CLANG_WARN_COMMA = YES;
				CLANG_WARN_CONSTANT_CONVERSION = YES;
				CLANG_WARN_DEPRECATED_OBJC_IMPLEMENTATIONS = YES;
				CLANG_WARN_DIRECT_OBJC_ISA_USAGE = YES_ERROR;
				CLANG_WARN_DOCUMENTATION_COMMENTS = YES;
				CLANG_WARN_EMPTY_BODY = YES;
				CLANG_WARN_ENUM_CONVERSION = YES;
				CLANG_WARN_INFINITE_RECURSION = YES;
				CLANG_WARN_INT_CONVERSION = YES;
				CLANG_WARN_NON_LITERAL_NULL_CONVERSION = YES;
				CLANG_WARN_OBJC_IMPLICIT_RETAIN_SELF = YES;
				CLANG_WARN_OBJC_LITERAL_CONVERSION = YES;
				CLANG_WARN_OBJC_ROOT_CLASS = YES_ERROR;
				CLANG_WARN_QUOTED_INCLUDE_IN_FRAMEWORK_HEADER = YES;
				CLANG_WARN_RANGE_LOOP_ANALYSIS = YES;
				CLANG_WARN_STRICT_PROTOTYPES = YES;
				CLANG_WARN_SUSPICIOUS_MOVE = YES;
				CLANG_WARN_UNGUARDED_AVAILABILITY = YES_AGGRESSIVE;
				CLANG_WARN_UNREACHABLE_CODE = YES;
				CLANG_WARN__DUPLICATE_METHOD_MATCH = YES;
				COPY_PHASE_STRIP = NO;
				DEBUG_INFORMATION_FORMAT = dwarf;
				ENABLE_STRICT_OBJC_MSGSEND = YES;
				ENABLE_TESTABILITY = YES;
				GCC_C_LANGUAGE_STANDARD = gnu11;
				GCC_DYNAMIC_NO_PIC = NO;
				GCC_NO_COMMON_BLOCKS = YES;
				GCC_OPTIMIZATION_LEVEL = 0;
				GCC_PREPROCESSOR_DEFINITIONS = (
					"DEBUG=1",
					"$(inherited)",
				);
				GCC_WARN_64_TO_32_BIT_CONVERSION = YES;
				GCC_WARN_ABOUT_RETURN_TYPE = YES_ERROR;
				GCC_WARN_UNDECLARED_SELECTOR = YES;
				GCC_WARN_UNINITIALIZED_AUTOS = YES_AGGRESSIVE;
				GCC_WARN_UNUSED_FUNCTION = YES;
				GCC_WARN_UNUSED_VARIABLE = YES;
				IPHONEOS_DEPLOYMENT_TARGET = 14.5;
				MTL_ENABLE_DEBUG_INFO = INCLUDE_SOURCE;
				MTL_FAST_MATH = YES;
				ONLY_ACTIVE_ARCH = YES;
				SDKROOT = iphoneos;
				SWIFT_ACTIVE_COMPILATION_CONDITIONS = DEBUG;
				SWIFT_OPTIMIZATION_LEVEL = "-Onone";
			};
			name = Debug;
		};
		F33169C227008E3200D2DD0E /* Release */ = {
			isa = XCBuildConfiguration;
			buildSettings = {
				ALWAYS_SEARCH_USER_PATHS = NO;
				CLANG_ANALYZER_LOCALIZABILITY_NONLOCALIZED = YES;
				CLANG_ANALYZER_NONNULL = YES;
				CLANG_ANALYZER_NUMBER_OBJECT_CONVERSION = YES_AGGRESSIVE;
				CLANG_CXX_LANGUAGE_STANDARD = "gnu++14";
				CLANG_CXX_LIBRARY = "libc++";
				CLANG_ENABLE_MODULES = YES;
				CLANG_ENABLE_OBJC_ARC = YES;
				CLANG_ENABLE_OBJC_WEAK = YES;
				CLANG_WARN_BLOCK_CAPTURE_AUTORELEASING = YES;
				CLANG_WARN_BOOL_CONVERSION = YES;
				CLANG_WARN_COMMA = YES;
				CLANG_WARN_CONSTANT_CONVERSION = YES;
				CLANG_WARN_DEPRECATED_OBJC_IMPLEMENTATIONS = YES;
				CLANG_WARN_DIRECT_OBJC_ISA_USAGE = YES_ERROR;
				CLANG_WARN_DOCUMENTATION_COMMENTS = YES;
				CLANG_WARN_EMPTY_BODY = YES;
				CLANG_WARN_ENUM_CONVERSION = YES;
				CLANG_WARN_INFINITE_RECURSION = YES;
				CLANG_WARN_INT_CONVERSION = YES;
				CLANG_WARN_NON_LITERAL_NULL_CONVERSION = YES;
				CLANG_WARN_OBJC_IMPLICIT_RETAIN_SELF = YES;
				CLANG_WARN_OBJC_LITERAL_CONVERSION = YES;
				CLANG_WARN_OBJC_ROOT_CLASS = YES_ERROR;
				CLANG_WARN_QUOTED_INCLUDE_IN_FRAMEWORK_HEADER = YES;
				CLANG_WARN_RANGE_LOOP_ANALYSIS = YES;
				CLANG_WARN_STRICT_PROTOTYPES = YES;
				CLANG_WARN_SUSPICIOUS_MOVE = YES;
				CLANG_WARN_UNGUARDED_AVAILABILITY = YES_AGGRESSIVE;
				CLANG_WARN_UNREACHABLE_CODE = YES;
				CLANG_WARN__DUPLICATE_METHOD_MATCH = YES;
				COPY_PHASE_STRIP = NO;
				DEBUG_INFORMATION_FORMAT = "dwarf-with-dsym";
				ENABLE_NS_ASSERTIONS = NO;
				ENABLE_STRICT_OBJC_MSGSEND = YES;
				GCC_C_LANGUAGE_STANDARD = gnu11;
				GCC_NO_COMMON_BLOCKS = YES;
				GCC_WARN_64_TO_32_BIT_CONVERSION = YES;
				GCC_WARN_ABOUT_RETURN_TYPE = YES_ERROR;
				GCC_WARN_UNDECLARED_SELECTOR = YES;
				GCC_WARN_UNINITIALIZED_AUTOS = YES_AGGRESSIVE;
				GCC_WARN_UNUSED_FUNCTION = YES;
				GCC_WARN_UNUSED_VARIABLE = YES;
				IPHONEOS_DEPLOYMENT_TARGET = 14.5;
				MTL_ENABLE_DEBUG_INFO = NO;
				MTL_FAST_MATH = YES;
				SDKROOT = iphoneos;
				SWIFT_COMPILATION_MODE = wholemodule;
				SWIFT_OPTIMIZATION_LEVEL = "-O";
				VALIDATE_PRODUCT = YES;
			};
			name = Release;
		};
		F33169C427008E3200D2DD0E /* Debug */ = {
			isa = XCBuildConfiguration;
			baseConfigurationReference = 952F8C643B078BB00E143100 /* Pods-ios-myinsta.debug.xcconfig */;
			buildSettings = {
				ASSETCATALOG_COMPILER_APPICON_NAME = AppIcon;
				ASSETCATALOG_COMPILER_GLOBAL_ACCENT_COLOR_NAME = AccentColor;
				CODE_SIGN_STYLE = Automatic;
				DEVELOPMENT_ASSET_PATHS = "\"ios-myinsta/Preview Content\"";
				DEVELOPMENT_TEAM = RXC5B5KH7P;
				ENABLE_PREVIEWS = YES;
				INFOPLIST_FILE = "ios-myinsta/Info.plist";
				LD_RUNPATH_SEARCH_PATHS = (
					"$(inherited)",
					"@executable_path/Frameworks",
				);
				PRODUCT_BUNDLE_IDENTIFIER = "com.JuraevA.ios-myinsta";
				PRODUCT_NAME = "$(TARGET_NAME)";
				SWIFT_VERSION = 5.0;
				TARGETED_DEVICE_FAMILY = "1,2";
			};
			name = Debug;
		};
		F33169C527008E3200D2DD0E /* Release */ = {
			isa = XCBuildConfiguration;
			baseConfigurationReference = 794AE61002392F30A95FC7DB /* Pods-ios-myinsta.release.xcconfig */;
			buildSettings = {
				ASSETCATALOG_COMPILER_APPICON_NAME = AppIcon;
				ASSETCATALOG_COMPILER_GLOBAL_ACCENT_COLOR_NAME = AccentColor;
				CODE_SIGN_STYLE = Automatic;
				DEVELOPMENT_ASSET_PATHS = "\"ios-myinsta/Preview Content\"";
				DEVELOPMENT_TEAM = RXC5B5KH7P;
				ENABLE_PREVIEWS = YES;
				INFOPLIST_FILE = "ios-myinsta/Info.plist";
				LD_RUNPATH_SEARCH_PATHS = (
					"$(inherited)",
					"@executable_path/Frameworks",
				);
				PRODUCT_BUNDLE_IDENTIFIER = "com.JuraevA.ios-myinsta";
				PRODUCT_NAME = "$(TARGET_NAME)";
				SWIFT_VERSION = 5.0;
				TARGETED_DEVICE_FAMILY = "1,2";
			};
			name = Release;
		};
		F33169C727008E3200D2DD0E /* Debug */ = {
			isa = XCBuildConfiguration;
			baseConfigurationReference = 2B9E6ADD9B4667B9A70BBC07 /* Pods-ios-myinstaTests.debug.xcconfig */;
			buildSettings = {
				ALWAYS_EMBED_SWIFT_STANDARD_LIBRARIES = YES;
				BUNDLE_LOADER = "$(TEST_HOST)";
				CODE_SIGN_STYLE = Automatic;
				DEVELOPMENT_TEAM = RXC5B5KH7P;
				INFOPLIST_FILE = "ios-myinstaTests/Info.plist";
				IPHONEOS_DEPLOYMENT_TARGET = 14.5;
				LD_RUNPATH_SEARCH_PATHS = (
					"$(inherited)",
					"@executable_path/Frameworks",
					"@loader_path/Frameworks",
				);
				PRODUCT_BUNDLE_IDENTIFIER = "com.JuraevA.ios-myinstaTests";
				PRODUCT_NAME = "$(TARGET_NAME)";
				SWIFT_VERSION = 5.0;
				TARGETED_DEVICE_FAMILY = "1,2";
				TEST_HOST = "$(BUILT_PRODUCTS_DIR)/ios-myinsta.app/ios-myinsta";
			};
			name = Debug;
		};
		F33169C827008E3200D2DD0E /* Release */ = {
			isa = XCBuildConfiguration;
			baseConfigurationReference = E04D95EEC569ECE3CC3981BD /* Pods-ios-myinstaTests.release.xcconfig */;
			buildSettings = {
				ALWAYS_EMBED_SWIFT_STANDARD_LIBRARIES = YES;
				BUNDLE_LOADER = "$(TEST_HOST)";
				CODE_SIGN_STYLE = Automatic;
				DEVELOPMENT_TEAM = RXC5B5KH7P;
				INFOPLIST_FILE = "ios-myinstaTests/Info.plist";
				IPHONEOS_DEPLOYMENT_TARGET = 14.5;
				LD_RUNPATH_SEARCH_PATHS = (
					"$(inherited)",
					"@executable_path/Frameworks",
					"@loader_path/Frameworks",
				);
				PRODUCT_BUNDLE_IDENTIFIER = "com.JuraevA.ios-myinstaTests";
				PRODUCT_NAME = "$(TARGET_NAME)";
				SWIFT_VERSION = 5.0;
				TARGETED_DEVICE_FAMILY = "1,2";
				TEST_HOST = "$(BUILT_PRODUCTS_DIR)/ios-myinsta.app/ios-myinsta";
			};
			name = Release;
		};
		F33169CA27008E3200D2DD0E /* Debug */ = {
			isa = XCBuildConfiguration;
			baseConfigurationReference = 60B03A650475F7E58959C81D /* Pods-ios-myinsta-ios-myinstaUITests.debug.xcconfig */;
			buildSettings = {
				ALWAYS_EMBED_SWIFT_STANDARD_LIBRARIES = YES;
				CODE_SIGN_STYLE = Automatic;
				DEVELOPMENT_TEAM = RXC5B5KH7P;
				INFOPLIST_FILE = "ios-myinstaUITests/Info.plist";
				LD_RUNPATH_SEARCH_PATHS = (
					"$(inherited)",
					"@executable_path/Frameworks",
					"@loader_path/Frameworks",
				);
				PRODUCT_BUNDLE_IDENTIFIER = "com.JuraevA.ios-myinstaUITests";
				PRODUCT_NAME = "$(TARGET_NAME)";
				SWIFT_VERSION = 5.0;
				TARGETED_DEVICE_FAMILY = "1,2";
				TEST_TARGET_NAME = "ios-myinsta";
			};
			name = Debug;
		};
		F33169CB27008E3200D2DD0E /* Release */ = {
			isa = XCBuildConfiguration;
			baseConfigurationReference = C1D8300E7F8A763AC83724F1 /* Pods-ios-myinsta-ios-myinstaUITests.release.xcconfig */;
			buildSettings = {
				ALWAYS_EMBED_SWIFT_STANDARD_LIBRARIES = YES;
				CODE_SIGN_STYLE = Automatic;
				DEVELOPMENT_TEAM = RXC5B5KH7P;
				INFOPLIST_FILE = "ios-myinstaUITests/Info.plist";
				LD_RUNPATH_SEARCH_PATHS = (
					"$(inherited)",
					"@executable_path/Frameworks",
					"@loader_path/Frameworks",
				);
				PRODUCT_BUNDLE_IDENTIFIER = "com.JuraevA.ios-myinstaUITests";
				PRODUCT_NAME = "$(TARGET_NAME)";
				SWIFT_VERSION = 5.0;
				TARGETED_DEVICE_FAMILY = "1,2";
				TEST_TARGET_NAME = "ios-myinsta";
			};
			name = Release;
		};
/* End XCBuildConfiguration section */

/* Begin XCConfigurationList section */
		F331699427008E3000D2DD0E /* Build configuration list for PBXProject "ios-myinsta" */ = {
			isa = XCConfigurationList;
			buildConfigurations = (
				F33169C127008E3200D2DD0E /* Debug */,
				F33169C227008E3200D2DD0E /* Release */,
			);
			defaultConfigurationIsVisible = 0;
			defaultConfigurationName = Release;
		};
		F33169C327008E3200D2DD0E /* Build configuration list for PBXNativeTarget "ios-myinsta" */ = {
			isa = XCConfigurationList;
			buildConfigurations = (
				F33169C427008E3200D2DD0E /* Debug */,
				F33169C527008E3200D2DD0E /* Release */,
			);
			defaultConfigurationIsVisible = 0;
			defaultConfigurationName = Release;
		};
		F33169C627008E3200D2DD0E /* Build configuration list for PBXNativeTarget "ios-myinstaTests" */ = {
			isa = XCConfigurationList;
			buildConfigurations = (
				F33169C727008E3200D2DD0E /* Debug */,
				F33169C827008E3200D2DD0E /* Release */,
			);
			defaultConfigurationIsVisible = 0;
			defaultConfigurationName = Release;
		};
		F33169C927008E3200D2DD0E /* Build configuration list for PBXNativeTarget "ios-myinstaUITests" */ = {
			isa = XCConfigurationList;
			buildConfigurations = (
				F33169CA27008E3200D2DD0E /* Debug */,
				F33169CB27008E3200D2DD0E /* Release */,
			);
			defaultConfigurationIsVisible = 0;
			defaultConfigurationName = Release;
		};
/* End XCConfigurationList section */
	};
	rootObject = F331699127008E3000D2DD0E /* Project object */;
}
